
Microsoft Visual Studio Solution File, Format Version 12.00
# Visual Studio Version 17
VisualStudioVersion = 17.6.33815.320
MinimumVisualStudioVersion = 10.0.40219.1
Project("{FAE04EC0-301F-11D3-BF4B-00C04F79EFBC}") = "SeekAndDestroy", "SeekAndDestroy\SeekAndDestroy.csproj", "{172B5BF3-5C56-4773-894B-5CF5AF73306F}"
EndProject
Global
	GlobalSection(SolutionConfigurationPlatforms) = preSolution
		Debug|Any CPU = Debug|Any CPU
		Release|Any CPU = Release|Any CPU
	EndGlobalSection
	GlobalSection(ProjectConfigurationPlatforms) = postSolution
		{172B5BF3-5C56-4773-894B-5CF5AF73306F}.Debug|Any CPU.ActiveCfg = Debug|Any CPU
		{172B5BF3-5C56-4773-894B-5CF5AF73306F}.Debug|Any CPU.Build.0 = Debug|Any CPU
		{172B5BF3-5C56-4773-894B-5CF5AF73306F}.Release|Any CPU.ActiveCfg = Release|Any CPU
		{172B5BF3-5C56-4773-894B-5CF5AF73306F}.Release|Any CPU.Build.0 = Release|Any CPU
	EndGlobalSection
	GlobalSection(SolutionProperties) = preSolution
		HideSolutionNode = FALSE
	EndGlobalSection
	GlobalSection(ExtensibilityGlobals) = postSolution
		SolutionGuid = {E0D06FCA-CE7D-43B8-AB13-F343BC463F46}
	EndGlobalSection
EndGlobal
